
Microsoft Visual Studio Solution File, Format Version 11.00
# Visual C# Express 2010
Project("{FAE04EC0-301F-11D3-BF4B-00C04F79EFBC}") = "TeleportUtil", "TeleportUtil.csproj", "{9F575243-7C3A-43CB-B4BC-5E04CD5A21E3}"
EndProject
Global
	GlobalSection(SolutionConfigurationPlatforms) = preSolution
		Debug|Any CPU = Debug|Any CPU
		Release|Any CPU = Release|Any CPU
	EndGlobalSection
	GlobalSection(ProjectConfigurationPlatforms) = postSolution
		{9F575243-7C3A-43CB-B4BC-5E04CD5A21E3}.Debug|Any CPU.ActiveCfg = Release|Any CPU
		{9F575243-7C3A-43CB-B4BC-5E04CD5A21E3}.Debug|Any CPU.Build.0 = Release|Any CPU
		{9F575243-7C3A-43CB-B4BC-5E04CD5A21E3}.Release|Any CPU.ActiveCfg = Release|Any CPU
		{9F575243-7C3A-43CB-B4BC-5E04CD5A21E3}.Release|Any CPU.Build.0 = Release|Any CPU
	EndGlobalSection
	GlobalSection(SolutionProperties) = preSolution
		HideSolutionNode = FALSE
	EndGlobalSection
EndGlobal
